
Microsoft Visual Studio Solution File, Format Version 12.00
# Visual Studio Version 17
VisualStudioVersion = 17.2.32630.192
MinimumVisualStudioVersion = 10.0.40219.1
Project("{FAE04EC0-301F-11D3-BF4B-00C04F79EFBC}") = "UCRMS-API", "UCRMS-API\UCRMS-API.csproj", "{70933A08-1B5A-4245-916A-0B096C6E23CD}"
EndProject
Project("{FAE04EC0-301F-11D3-BF4B-00C04F79EFBC}") = "BusinessLayer", "BusinessLayer\BusinessLayer.csproj", "{261FE898-067D-4A86-AF2A-641C9C8705DE}"
EndProject
Project("{FAE04EC0-301F-11D3-BF4B-00C04F79EFBC}") = "Entity", "Entity\Entity.csproj", "{852E6E14-FD58-42B4-B494-1A94F9815E03}"
EndProject
Project("{FAE04EC0-301F-11D3-BF4B-00C04F79EFBC}") = "DataLayer", "DataLayer\DataLayer.csproj", "{6EE79091-8476-4786-9554-A4FC21C81619}"
EndProject
Global
	GlobalSection(SolutionConfigurationPlatforms) = preSolution
		Debug|Any CPU = Debug|Any CPU
		Release|Any CPU = Release|Any CPU
	EndGlobalSection
	GlobalSection(ProjectConfigurationPlatforms) = postSolution
		{70933A08-1B5A-4245-916A-0B096C6E23CD}.Debug|Any CPU.ActiveCfg = Debug|Any CPU
		{70933A08-1B5A-4245-916A-0B096C6E23CD}.Debug|Any CPU.Build.0 = Debug|Any CPU
		{70933A08-1B5A-4245-916A-0B096C6E23CD}.Release|Any CPU.ActiveCfg = Release|Any CPU
		{70933A08-1B5A-4245-916A-0B096C6E23CD}.Release|Any CPU.Build.0 = Release|Any CPU
		{261FE898-067D-4A86-AF2A-641C9C8705DE}.Debug|Any CPU.ActiveCfg = Debug|Any CPU
		{261FE898-067D-4A86-AF2A-641C9C8705DE}.Debug|Any CPU.Build.0 = Debug|Any CPU
		{261FE898-067D-4A86-AF2A-641C9C8705DE}.Release|Any CPU.ActiveCfg = Release|Any CPU
		{261FE898-067D-4A86-AF2A-641C9C8705DE}.Release|Any CPU.Build.0 = Release|Any CPU
		{852E6E14-FD58-42B4-B494-1A94F9815E03}.Debug|Any CPU.ActiveCfg = Debug|Any CPU
		{852E6E14-FD58-42B4-B494-1A94F9815E03}.Debug|Any CPU.Build.0 = Debug|Any CPU
		{852E6E14-FD58-42B4-B494-1A94F9815E03}.Release|Any CPU.ActiveCfg = Release|Any CPU
		{852E6E14-FD58-42B4-B494-1A94F9815E03}.Release|Any CPU.Build.0 = Release|Any CPU
		{6EE79091-8476-4786-9554-A4FC21C81619}.Debug|Any CPU.ActiveCfg = Debug|Any CPU
		{6EE79091-8476-4786-9554-A4FC21C81619}.Debug|Any CPU.Build.0 = Debug|Any CPU
		{6EE79091-8476-4786-9554-A4FC21C81619}.Release|Any CPU.ActiveCfg = Release|Any CPU
		{6EE79091-8476-4786-9554-A4FC21C81619}.Release|Any CPU.Build.0 = Release|Any CPU
	EndGlobalSection
	GlobalSection(SolutionProperties) = preSolution
		HideSolutionNode = FALSE
	EndGlobalSection
	GlobalSection(ExtensibilityGlobals) = postSolution
		SolutionGuid = {4CF929FC-6752-4044-A458-01EBA730C144}
	EndGlobalSection
EndGlobal
